
Microsoft Visual Studio Solution File, Format Version 12.00
# Visual Studio Version 17
VisualStudioVersion = 17.2.32616.157
MinimumVisualStudioVersion = 10.0.40219.1
Project("{FAE04EC0-301F-11D3-BF4B-00C04F79EFBC}") = "dotnet-lint-testing", "dotnet-lint-testing.csproj", "{347ADA17-6993-482D-BDFB-1940FC40C76A}"
EndProject
Global
	GlobalSection(SolutionConfigurationPlatforms) = preSolution
		Debug|Any CPU = Debug|Any CPU
		Release|Any CPU = Release|Any CPU
	EndGlobalSection
	GlobalSection(ProjectConfigurationPlatforms) = postSolution
		{347ADA17-6993-482D-BDFB-1940FC40C76A}.Debug|Any CPU.ActiveCfg = Debug|Any CPU
		{347ADA17-6993-482D-BDFB-1940FC40C76A}.Debug|Any CPU.Build.0 = Debug|Any CPU
		{347ADA17-6993-482D-BDFB-1940FC40C76A}.Release|Any CPU.ActiveCfg = Release|Any CPU
		{347ADA17-6993-482D-BDFB-1940FC40C76A}.Release|Any CPU.Build.0 = Release|Any CPU
	EndGlobalSection
	GlobalSection(SolutionProperties) = preSolution
		HideSolutionNode = FALSE
	EndGlobalSection
	GlobalSection(ExtensibilityGlobals) = postSolution
		SolutionGuid = {853BD853-C135-42E7-B474-FE1D332D491A}
	EndGlobalSection
EndGlobal
